
Microsoft Visual Studio Solution File, Format Version 12.00
# Visual Studio Version 17
VisualStudioVersion = 17.5.33530.505
MinimumVisualStudioVersion = 10.0.40219.1
Project("{FAE04EC0-301F-11D3-BF4B-00C04F79EFBC}") = "ShooterGame", "ShooterGame\ShooterGame.csproj", "{9088A19A-9B78-4408-9A3B-4451D589C3C0}"
EndProject
Global
	GlobalSection(SolutionConfigurationPlatforms) = preSolution
		Debug|Any CPU = Debug|Any CPU
		Release|Any CPU = Release|Any CPU
	EndGlobalSection
	GlobalSection(ProjectConfigurationPlatforms) = postSolution
		{9088A19A-9B78-4408-9A3B-4451D589C3C0}.Debug|Any CPU.ActiveCfg = Debug|Any CPU
		{9088A19A-9B78-4408-9A3B-4451D589C3C0}.Debug|Any CPU.Build.0 = Debug|Any CPU
		{9088A19A-9B78-4408-9A3B-4451D589C3C0}.Release|Any CPU.ActiveCfg = Release|Any CPU
		{9088A19A-9B78-4408-9A3B-4451D589C3C0}.Release|Any CPU.Build.0 = Release|Any CPU
	EndGlobalSection
	GlobalSection(SolutionProperties) = preSolution
		HideSolutionNode = FALSE
	EndGlobalSection
	GlobalSection(ExtensibilityGlobals) = postSolution
		SolutionGuid = {3F338004-21B6-4BEC-ABF7-92705A4CFD42}
	EndGlobalSection
EndGlobal
